
Microsoft Visual Studio Solution File, Format Version 12.00
# Visual Studio Version 17
VisualStudioVersion = 17.9.34407.89
MinimumVisualStudioVersion = 10.0.40219.1
Project("{9A19103F-16F7-4668-BE54-9A1E7A4F7556}") = "BulkyWeb", "BulkyWeb\BulkyWeb.csproj", "{8AFED2A1-CA70-4B32-B4C6-D3A6FE765F9B}"
EndProject
Project("{FAE04EC0-301F-11D3-BF4B-00C04F79EFBC}") = "Bulky.DataAccess", "Bulky.DataAccess\Bulky.DataAccess.csproj", "{0BC4D646-DAF8-4DFD-AFDF-1FFF8B53D2E4}"
EndProject
Project("{FAE04EC0-301F-11D3-BF4B-00C04F79EFBC}") = "Bulky.Models", "Bulky.Models\Bulky.Models.csproj", "{AC336C10-B127-43CB-9FA7-12065587AB2B}"
EndProject
Project("{FAE04EC0-301F-11D3-BF4B-00C04F79EFBC}") = "Bulky.Utility", "Bulky.Utility\Bulky.Utility.csproj", "{14BDB01D-AE8B-458B-9BCC-88EC29C0FBDF}"
EndProject
Global
	GlobalSection(SolutionConfigurationPlatforms) = preSolution
		Debug|Any CPU = Debug|Any CPU
		Release|Any CPU = Release|Any CPU
	EndGlobalSection
	GlobalSection(ProjectConfigurationPlatforms) = postSolution
		{8AFED2A1-CA70-4B32-B4C6-D3A6FE765F9B}.Debug|Any CPU.ActiveCfg = Debug|Any CPU
		{8AFED2A1-CA70-4B32-B4C6-D3A6FE765F9B}.Debug|Any CPU.Build.0 = Debug|Any CPU
		{8AFED2A1-CA70-4B32-B4C6-D3A6FE765F9B}.Release|Any CPU.ActiveCfg = Release|Any CPU
		{8AFED2A1-CA70-4B32-B4C6-D3A6FE765F9B}.Release|Any CPU.Build.0 = Release|Any CPU
		{0BC4D646-DAF8-4DFD-AFDF-1FFF8B53D2E4}.Debug|Any CPU.ActiveCfg = Debug|Any CPU
		{0BC4D646-DAF8-4DFD-AFDF-1FFF8B53D2E4}.Debug|Any CPU.Build.0 = Debug|Any CPU
		{0BC4D646-DAF8-4DFD-AFDF-1FFF8B53D2E4}.Release|Any CPU.ActiveCfg = Release|Any CPU
		{0BC4D646-DAF8-4DFD-AFDF-1FFF8B53D2E4}.Release|Any CPU.Build.0 = Release|Any CPU
		{AC336C10-B127-43CB-9FA7-12065587AB2B}.Debug|Any CPU.ActiveCfg = Debug|Any CPU
		{AC336C10-B127-43CB-9FA7-12065587AB2B}.Debug|Any CPU.Build.0 = Debug|Any CPU
		{AC336C10-B127-43CB-9FA7-12065587AB2B}.Release|Any CPU.ActiveCfg = Release|Any CPU
		{AC336C10-B127-43CB-9FA7-12065587AB2B}.Release|Any CPU.Build.0 = Release|Any CPU
		{14BDB01D-AE8B-458B-9BCC-88EC29C0FBDF}.Debug|Any CPU.ActiveCfg = Debug|Any CPU
		{14BDB01D-AE8B-458B-9BCC-88EC29C0FBDF}.Debug|Any CPU.Build.0 = Debug|Any CPU
		{14BDB01D-AE8B-458B-9BCC-88EC29C0FBDF}.Release|Any CPU.ActiveCfg = Release|Any CPU
		{14BDB01D-AE8B-458B-9BCC-88EC29C0FBDF}.Release|Any CPU.Build.0 = Release|Any CPU
	EndGlobalSection
	GlobalSection(SolutionProperties) = preSolution
		HideSolutionNode = FALSE
	EndGlobalSection
	GlobalSection(ExtensibilityGlobals) = postSolution
		SolutionGuid = {6426614C-2BCE-4E03-BACF-ECD344FAA87E}
	EndGlobalSection
EndGlobal
